
Microsoft Visual Studio Solution File, Format Version 12.00
# Visual Studio Version 16
VisualStudioVersion = 16.0.30128.74
MinimumVisualStudioVersion = 10.0.40219.1
Project("{FAE04EC0-301F-11D3-BF4B-00C04F79EFBC}") = "ImagePoster4DTF", "ImagePoster4DTF\ImagePoster4DTF.csproj", "{2C5A76CA-0B19-48DF-AEFF-F9E548413AA9}"
EndProject
Global
	GlobalSection(SolutionConfigurationPlatforms) = preSolution
		Debug|Any CPU = Debug|Any CPU
		Release|Any CPU = Release|Any CPU
	EndGlobalSection
	GlobalSection(ProjectConfigurationPlatforms) = postSolution
		{2C5A76CA-0B19-48DF-AEFF-F9E548413AA9}.Debug|Any CPU.ActiveCfg = Debug|Any CPU
		{2C5A76CA-0B19-48DF-AEFF-F9E548413AA9}.Debug|Any CPU.Build.0 = Debug|Any CPU
		{2C5A76CA-0B19-48DF-AEFF-F9E548413AA9}.Release|Any CPU.ActiveCfg = Release|Any CPU
		{2C5A76CA-0B19-48DF-AEFF-F9E548413AA9}.Release|Any CPU.Build.0 = Release|Any CPU
	EndGlobalSection
	GlobalSection(SolutionProperties) = preSolution
		HideSolutionNode = FALSE
	EndGlobalSection
	GlobalSection(ExtensibilityGlobals) = postSolution
		SolutionGuid = {7EADF1F7-C00B-412B-8795-A56F14D024FF}
	EndGlobalSection
EndGlobal
